// !$*UTF8*$!
{
	archiveVersion = 1;
	classes = {
	};
	objectVersion = 50;
	objects = {

/* Begin PBXBuildFile section */
		1CA9E42E2172928D00A38CAA /* AppDelegate.swift in Sources */ = {isa = PBXBuildFile; fileRef = 1CA9E42D2172928D00A38CAA /* AppDelegate.swift */; };
		1CA9E4302172928D00A38CAA /* HomeCategoryPlayerVC.swift in Sources */ = {isa = PBXBuildFile; fileRef = 1CA9E42F2172928D00A38CAA /* HomeCategoryPlayerVC.swift */; };
		1CA9E4332172928D00A38CAA /* Main.storyboard in Resources */ = {isa = PBXBuildFile; fileRef = 1CA9E4312172928D00A38CAA /* Main.storyboard */; };
		1CA9E4352172928E00A38CAA /* Assets.xcassets in Resources */ = {isa = PBXBuildFile; fileRef = 1CA9E4342172928E00A38CAA /* Assets.xcassets */; };
		1CA9E4382172928E00A38CAA /* LaunchScreen.storyboard in Resources */ = {isa = PBXBuildFile; fileRef = 1CA9E4362172928E00A38CAA /* LaunchScreen.storyboard */; };
		1CA9E44421729E7500A38CAA /* PlayerCategory.swift in Sources */ = {isa = PBXBuildFile; fileRef = 1CA9E44321729E7500A38CAA /* PlayerCategory.swift */; };
		1CA9E4462172A16600A38CAA /* Player.swift in Sources */ = {isa = PBXBuildFile; fileRef = 1CA9E4452172A16600A38CAA /* Player.swift */; };
		1CA9E4482172A3F900A38CAA /* DataSetPlayer.swift in Sources */ = {isa = PBXBuildFile; fileRef = 1CA9E4472172A3F900A38CAA /* DataSetPlayer.swift */; };
		1CA9E44A217353DB00A38CAA /* CategoryCell.swift in Sources */ = {isa = PBXBuildFile; fileRef = 1CA9E449217353DB00A38CAA /* CategoryCell.swift */; };
		1CA9E44C21738D2100A38CAA /* PlayersSelectionVC.swift in Sources */ = {isa = PBXBuildFile; fileRef = 1CA9E44B21738D2100A38CAA /* PlayersSelectionVC.swift */; };
		1CA9E44E2173957900A38CAA /* PlayerCell.swift in Sources */ = {isa = PBXBuildFile; fileRef = 1CA9E44D2173957900A38CAA /* PlayerCell.swift */; };
		1CA9E4502173A21600A38CAA /* PlayerDetailVC.swift in Sources */ = {isa = PBXBuildFile; fileRef = 1CA9E44F2173A21600A38CAA /* PlayerDetailVC.swift */; };
		1CA9E4722174D8AA00A38CAA /* Barcelona2018.ttf in Resources */ = {isa = PBXBuildFile; fileRef = 1CA9E4712174D8AA00A38CAA /* Barcelona2018.ttf */; };
/* End PBXBuildFile section */

/* Begin PBXFileReference section */
		1CA9E42A2172928D00A38CAA /* FCBPlayer.app */ = {isa = PBXFileReference; explicitFileType = wrapper.application; includeInIndex = 0; path = FCBPlayer.app; sourceTree = BUILT_PRODUCTS_DIR; };
		1CA9E42D2172928D00A38CAA /* AppDelegate.swift */ = {isa = PBXFileReference; lastKnownFileType = sourcecode.swift; path = AppDelegate.swift; sourceTree = "<group>"; };
		1CA9E42F2172928D00A38CAA /* HomeCategoryPlayerVC.swift */ = {isa = PBXFileReference; lastKnownFileType = sourcecode.swift; path = HomeCategoryPlayerVC.swift; sourceTree = "<group>"; };
		1CA9E4322172928D00A38CAA /* Base */ = {isa = PBXFileReference; lastKnownFileType = file.storyboard; name = Base; path = Base.lproj/Main.storyboard; sourceTree = "<group>"; };
		1CA9E4342172928E00A38CAA /* Assets.xcassets */ = {isa = PBXFileReference; lastKnownFileType = folder.assetcatalog; path = Assets.xcassets; sourceTree = "<group>"; };
		1CA9E4372172928E00A38CAA /* Base */ = {isa = PBXFileReference; lastKnownFileType = file.storyboard; name = Base; path = Base.lproj/LaunchScreen.storyboard; sourceTree = "<group>"; };
		1CA9E4392172928E00A38CAA /* Info.plist */ = {isa = PBXFileReference; lastKnownFileType = text.plist.xml; path = Info.plist; sourceTree = "<group>"; };
		1CA9E44321729E7500A38CAA /* PlayerCategory.swift */ = {isa = PBXFileReference; lastKnownFileType = sourcecode.swift; path = PlayerCategory.swift; sourceTree = "<group>"; };
		1CA9E4452172A16600A38CAA /* Player.swift */ = {isa = PBXFileReference; lastKnownFileType = sourcecode.swift; path = Player.swift; sourceTree = "<group>"; };
		1CA9E4472172A3F900A38CAA /* DataSetPlayer.swift */ = {isa = PBXFileReference; lastKnownFileType = sourcecode.swift; path = DataSetPlayer.swift; sourceTree = "<group>"; };
		1CA9E449217353DB00A38CAA /* CategoryCell.swift */ = {isa = PBXFileReference; lastKnownFileType = sourcecode.swift; path = CategoryCell.swift; sourceTree = "<group>"; };
		1CA9E44B21738D2100A38CAA /* PlayersSelectionVC.swift */ = {isa = PBXFileReference; lastKnownFileType = sourcecode.swift; path = PlayersSelectionVC.swift; sourceTree = "<group>"; };
		1CA9E44D2173957900A38CAA /* PlayerCell.swift */ = {isa = PBXFileReference; lastKnownFileType = sourcecode.swift; path = PlayerCell.swift; sourceTree = "<group>"; };
		1CA9E44F2173A21600A38CAA /* PlayerDetailVC.swift */ = {isa = PBXFileReference; lastKnownFileType = sourcecode.swift; path = PlayerDetailVC.swift; sourceTree = "<group>"; };
		1CA9E4712174D8AA00A38CAA /* Barcelona2018.ttf */ = {isa = PBXFileReference; lastKnownFileType = file; path = Barcelona2018.ttf; sourceTree = "<group>"; };
/* End PBXFileReference section */

/* Begin PBXFrameworksBuildPhase section */
		1CA9E4272172928D00A38CAA /* Frameworks */ = {
			isa = PBXFrameworksBuildPhase;
			buildActionMask = 2147483647;
			files = (
			);
			runOnlyForDeploymentPostprocessing = 0;
		};
/* End PBXFrameworksBuildPhase section */

/* Begin PBXGroup section */
		1CA9E4212172928D00A38CAA = {
			isa = PBXGroup;
			children = (
				1CA9E42C2172928D00A38CAA /* FCBPlayer */,
				1CA9E42B2172928D00A38CAA /* Products */,
			);
			sourceTree = "<group>";
		};
		1CA9E42B2172928D00A38CAA /* Products */ = {
			isa = PBXGroup;
			children = (
				1CA9E42A2172928D00A38CAA /* FCBPlayer.app */,
			);
			name = Products;
			sourceTree = "<group>";
		};
		1CA9E42C2172928D00A38CAA /* FCBPlayer */ = {
			isa = PBXGroup;
			children = (
				1CA9E43F2172929D00A38CAA /* Model */,
				1CA9E440217292AE00A38CAA /* View */,
				1CA9E441217292B500A38CAA /* Controller */,
				1CA9E44221729C2300A38CAA /* Resources */,
				1CA9E4392172928E00A38CAA /* Info.plist */,
			);
			path = FCBPlayer;
			sourceTree = "<group>";
		};
		1CA9E43F2172929D00A38CAA /* Model */ = {
			isa = PBXGroup;
			children = (
				1CA9E44321729E7500A38CAA /* PlayerCategory.swift */,
				1CA9E4452172A16600A38CAA /* Player.swift */,
				1CA9E4472172A3F900A38CAA /* DataSetPlayer.swift */,
			);
			path = Model;
			sourceTree = "<group>";
		};
		1CA9E440217292AE00A38CAA /* View */ = {
			isa = PBXGroup;
			children = (
				1CA9E4312172928D00A38CAA /* Main.storyboard */,
				1CA9E4362172928E00A38CAA /* LaunchScreen.storyboard */,
				1CA9E449217353DB00A38CAA /* CategoryCell.swift */,
				1CA9E44D2173957900A38CAA /* PlayerCell.swift */,
			);
			path = View;
			sourceTree = "<group>";
		};
		1CA9E441217292B500A38CAA /* Controller */ = {
			isa = PBXGroup;
			children = (
				1CA9E42D2172928D00A38CAA /* AppDelegate.swift */,
				1CA9E42F2172928D00A38CAA /* HomeCategoryPlayerVC.swift */,
				1CA9E44B21738D2100A38CAA /* PlayersSelectionVC.swift */,
				1CA9E44F2173A21600A38CAA /* PlayerDetailVC.swift */,
			);
			path = Controller;
			sourceTree = "<group>";
		};
		1CA9E44221729C2300A38CAA /* Resources */ = {
			isa = PBXGroup;
			children = (
				1CA9E4342172928E00A38CAA /* Assets.xcassets */,
				1CA9E4712174D8AA00A38CAA /* Barcelona2018.ttf */,
			);
			path = Resources;
			sourceTree = "<group>";
		};
/* End PBXGroup section */

/* Begin PBXNativeTarget section */
		1CA9E4292172928D00A38CAA /* FCBPlayer */ = {
			isa = PBXNativeTarget;
			buildConfigurationList = 1CA9E43C2172928E00A38CAA /* Build configuration list for PBXNativeTarget "FCBPlayer" */;
			buildPhases = (
				1CA9E4262172928D00A38CAA /* Sources */,
				1CA9E4272172928D00A38CAA /* Frameworks */,
				1CA9E4282172928D00A38CAA /* Resources */,
			);
			buildRules = (
			);
			dependencies = (
			);
			name = FCBPlayer;
			productName = FCBPlayer;
			productReference = 1CA9E42A2172928D00A38CAA /* FCBPlayer.app */;
			productType = "com.apple.product-type.application";
		};
/* End PBXNativeTarget section */

/* Begin PBXProject section */
		1CA9E4222172928D00A38CAA /* Project object */ = {
			isa = PBXProject;
			attributes = {
				LastSwiftUpdateCheck = 1000;
				LastUpgradeCheck = 1000;
				ORGANIZATIONNAME = MorilloApps;
				TargetAttributes = {
					1CA9E4292172928D00A38CAA = {
						CreatedOnToolsVersion = 10.0;
					};
				};
			};
			buildConfigurationList = 1CA9E4252172928D00A38CAA /* Build configuration list for PBXProject "FCBPlayer" */;
			compatibilityVersion = "Xcode 9.3";
			developmentRegion = en;
			hasScannedForEncodings = 0;
			knownRegions = (
				en,
				Base,
			);
			mainGroup = 1CA9E4212172928D00A38CAA;
			productRefGroup = 1CA9E42B2172928D00A38CAA /* Products */;
			projectDirPath = "";
			projectRoot = "";
			targets = (
				1CA9E4292172928D00A38CAA /* FCBPlayer */,
			);
		};
/* End PBXProject section */

/* Begin PBXResourcesBuildPhase section */
		1CA9E4282172928D00A38CAA /* Resources */ = {
			isa = PBXResourcesBuildPhase;
			buildActionMask = 2147483647;
			files = (
				1CA9E4382172928E00A38CAA /* LaunchScreen.storyboard in Resources */,
				1CA9E4352172928E00A38CAA /* Assets.xcassets in Resources */,
				1CA9E4332172928D00A38CAA /* Main.storyboard in Resources */,
				1CA9E4722174D8AA00A38CAA /* Barcelona2018.ttf in Resources */,
			);
			runOnlyForDeploymentPostprocessing = 0;
		};
/* End PBXResourcesBuildPhase section */

/* Begin PBXSourcesBuildPhase section */
		1CA9E4262172928D00A38CAA /* Sources */ = {
			isa = PBXSourcesBuildPhase;
			buildActionMask = 2147483647;
			files = (
				1CA9E44E2173957900A38CAA /* PlayerCell.swift in Sources */,
				1CA9E44C21738D2100A38CAA /* PlayersSelectionVC.swift in Sources */,
				1CA9E4462172A16600A38CAA /* Player.swift in Sources */,
				1CA9E4482172A3F900A38CAA /* DataSetPlayer.swift in Sources */,
				1CA9E44421729E7500A38CAA /* PlayerCategory.swift in Sources */,
				1CA9E4302172928D00A38CAA /* HomeCategoryPlayerVC.swift in Sources */,
				1CA9E42E2172928D00A38CAA /* AppDelegate.swift in Sources */,
				1CA9E4502173A21600A38CAA /* PlayerDetailVC.swift in Sources */,
				1CA9E44A217353DB00A38CAA /* CategoryCell.swift in Sources */,
			);
			runOnlyForDeploymentPostprocessing = 0;
		};
/* End PBXSourcesBuildPhase section */

/* Begin PBXVariantGroup section */
		1CA9E4312172928D00A38CAA /* Main.storyboard */ = {
			isa = PBXVariantGroup;
			children = (
				1CA9E4322172928D00A38CAA /* Base */,
			);
			name = Main.storyboard;
			sourceTree = "<group>";
		};
		1CA9E4362172928E00A38CAA /* LaunchScreen.storyboard */ = {
			isa = PBXVariantGroup;
			children = (
				1CA9E4372172928E00A38CAA /* Base */,
			);
			name = LaunchScreen.storyboard;
			sourceTree = "<group>";
		};
/* End PBXVariantGroup section */

/* Begin XCBuildConfiguration section */
		1CA9E43A2172928E00A38CAA /* Debug */ = {
			isa = XCBuildConfiguration;
			buildSettings = {
				ALWAYS_SEARCH_USER_PATHS = NO;
				CLANG_ANALYZER_NONNULL = YES;
				CLANG_ANALYZER_NUMBER_OBJECT_CONVERSION = YES_AGGRESSIVE;
				CLANG_CXX_LANGUAGE_STANDARD = "gnu++14";
				CLANG_CXX_LIBRARY = "libc++";
				CLANG_ENABLE_MODULES = YES;
				CLANG_ENABLE_OBJC_ARC = YES;
				CLANG_ENABLE_OBJC_WEAK = YES;
				CLANG_WARN_BLOCK_CAPTURE_AUTORELEASING = YES;
				CLANG_WARN_BOOL_CONVERSION = YES;
				CLANG_WARN_COMMA = YES;
				CLANG_WARN_CONSTANT_CONVERSION = YES;
				CLANG_WARN_DEPRECATED_OBJC_IMPLEMENTATIONS = YES;
				CLANG_WARN_DIRECT_OBJC_ISA_USAGE = YES_ERROR;
				CLANG_WARN_DOCUMENTATION_COMMENTS = YES;
				CLANG_WARN_EMPTY_BODY = YES;
				CLANG_WARN_ENUM_CONVERSION = YES;
				CLANG_WARN_INFINITE_RECURSION = YES;
				CLANG_WARN_INT_CONVERSION = YES;
				CLANG_WARN_NON_LITERAL_NULL_CONVERSION = YES;
				CLANG_WARN_OBJC_IMPLICIT_RETAIN_SELF = YES;
				CLANG_WARN_OBJC_LITERAL_CONVERSION = YES;
				CLANG_WARN_OBJC_ROOT_CLASS = YES_ERROR;
				CLANG_WARN_RANGE_LOOP_ANALYSIS = YES;
				CLANG_WARN_STRICT_PROTOTYPES = YES;
				CLANG_WARN_SUSPICIOUS_MOVE = YES;
				CLANG_WARN_UNGUARDED_AVAILABILITY = YES_AGGRESSIVE;
				CLANG_WARN_UNREACHABLE_CODE = YES;
				CLANG_WARN__DUPLICATE_METHOD_MATCH = YES;
				CODE_SIGN_IDENTITY = "iPhone Developer";
				COPY_PHASE_STRIP = NO;
				DEBUG_INFORMATION_FORMAT = dwarf;
				ENABLE_STRICT_OBJC_MSGSEND = YES;
				ENABLE_TESTABILITY = YES;
				GCC_C_LANGUAGE_STANDARD = gnu11;
				GCC_DYNAMIC_NO_PIC = NO;
				GCC_NO_COMMON_BLOCKS = YES;
				GCC_OPTIMIZATION_LEVEL = 0;
				GCC_PREPROCESSOR_DEFINITIONS = (
					"DEBUG=1",
					"$(inherited)",
				);
				GCC_WARN_64_TO_32_BIT_CONVERSION = YES;
				GCC_WARN_ABOUT_RETURN_TYPE = YES_ERROR;
				GCC_WARN_UNDECLARED_SELECTOR = YES;
				GCC_WARN_UNINITIALIZED_AUTOS = YES_AGGRESSIVE;
				GCC_WARN_UNUSED_FUNCTION = YES;
				GCC_WARN_UNUSED_VARIABLE = YES;
				IPHONEOS_DEPLOYMENT_TARGET = 12.0;
				MTL_ENABLE_DEBUG_INFO = INCLUDE_SOURCE;
				MTL_FAST_MATH = YES;
				ONLY_ACTIVE_ARCH = YES;
				SDKROOT = iphoneos;
				SWIFT_ACTIVE_COMPILATION_CONDITIONS = DEBUG;
				SWIFT_OPTIMIZATION_LEVEL = "-Onone";
			};
			name = Debug;
		};
		1CA9E43B2172928E00A38CAA /* Release */ = {
			isa = XCBuildConfiguration;
			buildSettings = {
				ALWAYS_SEARCH_USER_PATHS = NO;
				CLANG_ANALYZER_NONNULL = YES;
				CLANG_ANALYZER_NUMBER_OBJECT_CONVERSION = YES_AGGRESSIVE;
				CLANG_CXX_LANGUAGE_STANDARD = "gnu++14";
				CLANG_CXX_LIBRARY = "libc++";
				CLANG_ENABLE_MODULES = YES;
				CLANG_ENABLE_OBJC_ARC = YES;
				CLANG_ENABLE_OBJC_WEAK = YES;
				CLANG_WARN_BLOCK_CAPTURE_AUTORELEASING = YES;
				CLANG_WARN_BOOL_CONVERSION = YES;
				CLANG_WARN_COMMA = YES;
				CLANG_WARN_CONSTANT_CONVERSION = YES;
				CLANG_WARN_DEPRECATED_OBJC_IMPLEMENTATIONS = YES;
				CLANG_WARN_DIRECT_OBJC_ISA_USAGE = YES_ERROR;
				CLANG_WARN_DOCUMENTATION_COMMENTS = YES;
				CLANG_WARN_EMPTY_BODY = YES;
				CLANG_WARN_ENUM_CONVERSION = YES;
				CLANG_WARN_INFINITE_RECURSION = YES;
				CLANG_WARN_INT_CONVERSION = YES;
				CLANG_WARN_NON_LITERAL_NULL_CONVERSION = YES;
				CLANG_WARN_OBJC_IMPLICIT_RETAIN_SELF = YES;
				CLANG_WARN_OBJC_LITERAL_CONVERSION = YES;
				CLANG_WARN_OBJC_ROOT_CLASS = YES_ERROR;
				CLANG_WARN_RANGE_LOOP_ANALYSIS = YES;
				CLANG_WARN_STRICT_PROTOTYPES = YES;
				CLANG_WARN_SUSPICIOUS_MOVE = YES;
				CLANG_WARN_UNGUARDED_AVAILABILITY = YES_AGGRESSIVE;
				CLANG_WARN_UNREACHABLE_CODE = YES;
				CLANG_WARN__DUPLICATE_METHOD_MATCH = YES;
				CODE_SIGN_IDENTITY = "iPhone Developer";
				COPY_PHASE_STRIP = NO;
				DEBUG_INFORMATION_FORMAT = "dwarf-with-dsym";
				ENABLE_NS_ASSERTIONS = NO;
				ENABLE_STRICT_OBJC_MSGSEND = YES;
				GCC_C_LANGUAGE_STANDARD = gnu11;
				GCC_NO_COMMON_BLOCKS = YES;
				GCC_WARN_64_TO_32_BIT_CONVERSION = YES;
				GCC_WARN_ABOUT_RETURN_TYPE = YES_ERROR;
				GCC_WARN_UNDECLARED_SELECTOR = YES;
				GCC_WARN_UNINITIALIZED_AUTOS = YES_AGGRESSIVE;
				GCC_WARN_UNUSED_FUNCTION = YES;
				GCC_WARN_UNUSED_VARIABLE = YES;
				IPHONEOS_DEPLOYMENT_TARGET = 12.0;
				MTL_ENABLE_DEBUG_INFO = NO;
				MTL_FAST_MATH = YES;
				SDKROOT = iphoneos;
				SWIFT_COMPILATION_MODE = wholemodule;
				SWIFT_OPTIMIZATION_LEVEL = "-O";
				VALIDATE_PRODUCT = YES;
			};
			name = Release;
		};
		1CA9E43D2172928E00A38CAA /* Debug */ = {
			isa = XCBuildConfiguration;
			buildSettings = {
				ASSETCATALOG_COMPILER_APPICON_NAME = AppIcon;
				CODE_SIGN_STYLE = Automatic;
				DEVELOPMENT_TEAM = 6ZJQ583HU9;
				INFOPLIST_FILE = FCBPlayer/Info.plist;
				LD_RUNPATH_SEARCH_PATHS = (
					"$(inherited)",
					"@executable_path/Frameworks",
				);
				PRODUCT_BUNDLE_IDENTIFIER = com.juanmorillios.FCBPlayer;
				PRODUCT_NAME = "$(TARGET_NAME)";
				SWIFT_VERSION = 4.2;
				TARGETED_DEVICE_FAMILY = "1,2";
			};
			name = Debug;
		};
		1CA9E43E2172928E00A38CAA /* Release */ = {
			isa = XCBuildConfiguration;
			buildSettings = {
				ASSETCATALOG_COMPILER_APPICON_NAME = AppIcon;
				CODE_SIGN_STYLE = Automatic;
				DEVELOPMENT_TEAM = 6ZJQ583HU9;
				INFOPLIST_FILE = FCBPlayer/Info.plist;
				LD_RUNPATH_SEARCH_PATHS = (
					"$(inherited)",
					"@executable_path/Frameworks",
				);
				PRODUCT_BUNDLE_IDENTIFIER = com.juanmorillios.FCBPlayer;
				PRODUCT_NAME = "$(TARGET_NAME)";
				SWIFT_VERSION = 4.2;
				TARGETED_DEVICE_FAMILY = "1,2";
			};
			name = Release;
		};
/* End XCBuildConfiguration section */

/* Begin XCConfigurationList section */
		1CA9E4252172928D00A38CAA /* Build configuration list for PBXProject "FCBPlayer" */ = {
			isa = XCConfigurationList;
			buildConfigurations = (
				1CA9E43A2172928E00A38CAA /* Debug */,
				1CA9E43B2172928E00A38CAA /* Release */,
			);
			defaultConfigurationIsVisible = 0;
			defaultConfigurationName = Release;
		};
		1CA9E43C2172928E00A38CAA /* Build configuration list for PBXNativeTarget "FCBPlayer" */ = {
			isa = XCConfigurationList;
			buildConfigurations = (
				1CA9E43D2172928E00A38CAA /* Debug */,
				1CA9E43E2172928E00A38CAA /* Release */,
			);
			defaultConfigurationIsVisible = 0;
			defaultConfigurationName = Release;
		};
/* End XCConfigurationList section */
	};
	rootObject = 1CA9E4222172928D00A38CAA /* Project object */;
}
